
Microsoft Visual Studio Solution File, Format Version 12.00
# Visual Studio Version 16
VisualStudioVersion = 16.0.30907.101
MinimumVisualStudioVersion = 10.0.40219.1
Project("{FAE04EC0-301F-11D3-BF4B-00C04F79EFBC}") = "NetServer", "NetServer\NetServer.csproj", "{C2402757-5646-4AC2-92BE-F6CBDF88AD48}"
EndProject
Global
	GlobalSection(SolutionConfigurationPlatforms) = preSolution
		Debug|Any CPU = Debug|Any CPU
		Release|Any CPU = Release|Any CPU
	EndGlobalSection
	GlobalSection(ProjectConfigurationPlatforms) = postSolution
		{C2402757-5646-4AC2-92BE-F6CBDF88AD48}.Debug|Any CPU.ActiveCfg = Debug|Any CPU
		{C2402757-5646-4AC2-92BE-F6CBDF88AD48}.Debug|Any CPU.Build.0 = Debug|Any CPU
		{C2402757-5646-4AC2-92BE-F6CBDF88AD48}.Release|Any CPU.ActiveCfg = Release|Any CPU
		{C2402757-5646-4AC2-92BE-F6CBDF88AD48}.Release|Any CPU.Build.0 = Release|Any CPU
	EndGlobalSection
	GlobalSection(SolutionProperties) = preSolution
		HideSolutionNode = FALSE
	EndGlobalSection
	GlobalSection(ExtensibilityGlobals) = postSolution
		SolutionGuid = {83F064C2-66E6-4BD5-A4B5-33EA9A8734E7}
	EndGlobalSection
EndGlobal
